{
    "_readme": [
        "This file locks the dependencies of your project to a known state",
        "Read more about it at https://getcomposer.org/doc/01-basic-usage.md#composer-lock-the-lock-file",
        "This file is @generated automatically"
    ],
    "hash": "3a1b4149d20ce2e43c476ee2245dabad",
    "packages": [
        {
            "name": "rosengate/exedra",
            "version": "v0.2.3",
            "source": {
                "type": "git",
                "url": "https://github.com/Rosengate/exedra.git",
                "reference": "2e540efa0fa968398b70299b47983fceaa307e04"
            },
            "dist": {
                "type": "zip",
                "url": "https://api.github.com/repos/Rosengate/exedra/zipball/2e540efa0fa968398b70299b47983fceaa307e04",
                "reference": "2e540efa0fa968398b70299b47983fceaa307e04",
                "shasum": ""
            },
            "type": "library",
            "autoload": {
                "psr-0": {
                    "Exedra\\": ""
                }
            },
            "notification-url": "https://packagist.org/downloads/",
            "license": [
                "MIT"
            ],
            "authors": [
                {
                    "name": "Ahmad Rahimie Ahmad Zailani",
                    "email": "newrehmi@gmail.com",
                    "role": "lead"
                }
            ],
            "description": "Nestful route oriented PHP micro framework",
            "homepage": "http://github.com/rosengate/exedra",
            "keywords": [
                "exedra",
                "framework",
                "microframework",
                "php",
                "rosengate",
                "route",
                "router"
            ],
            "time": "2015-10-18 06:23:22"
        }
    ],
    "packages-dev": [],
    "aliases": [],
    "minimum-stability": "stable",
    "stability-flags": [],
    "prefer-stable": false,
    "prefer-lowest": false,
    "platform": [],
    "platform-dev": []
}
