{
    "_readme": [
        "This file locks the dependencies of your project to a known state",
        "Read more about it at https://getcomposer.org/doc/01-basic-usage.md#composer-lock-the-lock-file",
        "This file is @generated automatically"
    ],
    "hash": "9f07b0b1b59ad88931278d24a518a955",
    "content-hash": "49131079849175ecac324af5c9acd8b4",
    "packages": [
        {
            "name": "rosengate/exedra",
            "version": "dev-master",
            "source": {
                "type": "git",
                "url": "https://github.com/Rosengate/exedra.git",
                "reference": "e6251a0daba65e13b66e9b7b46b8edd2a2fa952e"
            },
            "dist": {
                "type": "zip",
                "url": "https://api.github.com/repos/Rosengate/exedra/zipball/e6251a0daba65e13b66e9b7b46b8edd2a2fa952e",
                "reference": "e6251a0daba65e13b66e9b7b46b8edd2a2fa952e",
                "shasum": ""
            },
            "type": "library",
            "autoload": {
                "psr-0": {
                    "Exedra\\": ""
                }
            },
            "notification-url": "https://packagist.org/downloads/",
            "license": [
                "MIT"
            ],
            "authors": [
                {
                    "name": "Ahmad Rahimie Ahmad Zailani",
                    "email": "newrehmi@gmail.com",
                    "role": "lead"
                }
            ],
            "description": "Nestful route oriented PHP micro framework",
            "homepage": "http://github.com/rosengate/exedra",
            "keywords": [
                "exedra",
                "framework",
                "microframework",
                "php",
                "rosengate",
                "route",
                "router"
            ],
            "time": "2016-05-16 07:53:52"
        }
    ],
    "packages-dev": [],
    "aliases": [],
    "minimum-stability": "stable",
    "stability-flags": {
        "rosengate/exedra": 20
    },
    "prefer-stable": false,
    "prefer-lowest": false,
    "platform": [],
    "platform-dev": []
}
